
Microsoft Visual Studio Solution File, Format Version 12.00
# Visual Studio Version 16
VisualStudioVersion = 16.0.30114.105
MinimumVisualStudioVersion = 10.0.40219.1
Project("{FAE04EC0-301F-11D3-BF4B-00C04F79EFBC}") = "MessageDialogForm", "MessageDialogForm.csproj", "{E25BC580-48FC-4506-9322-C59225D38F06}"
EndProject
Global
	GlobalSection(SolutionConfigurationPlatforms) = preSolution
		Debug|Any CPU = Debug|Any CPU
		Release|Any CPU = Release|Any CPU
	EndGlobalSection
	GlobalSection(ProjectConfigurationPlatforms) = postSolution
		{E25BC580-48FC-4506-9322-C59225D38F06}.Debug|Any CPU.ActiveCfg = Debug|Any CPU
		{E25BC580-48FC-4506-9322-C59225D38F06}.Debug|Any CPU.Build.0 = Debug|Any CPU
		{E25BC580-48FC-4506-9322-C59225D38F06}.Release|Any CPU.ActiveCfg = Release|Any CPU
		{E25BC580-48FC-4506-9322-C59225D38F06}.Release|Any CPU.Build.0 = Release|Any CPU
	EndGlobalSection
	GlobalSection(SolutionProperties) = preSolution
		HideSolutionNode = FALSE
	EndGlobalSection
	GlobalSection(ExtensibilityGlobals) = postSolution
		SolutionGuid = {19258086-288B-4D77-81A7-AE0B195D60FA}
	EndGlobalSection
EndGlobal
